// !$*UTF8*$!
{
	archiveVersion = 1;
	classes = {
	};
	objectVersion = 52;
	objects = {

/* Begin PBXBuildFile section */
		7007A274EB3259C59E020E22 /* Pods_Noalek_PatisserieTests.framework in Frameworks */ = {isa = PBXBuildFile; fileRef = 6A0054F9EDD0A0E88B572CF5 /* Pods_Noalek_PatisserieTests.framework */; };
		7F05D98026A5B3C8006F413E /* authbg.mp4 in Resources */ = {isa = PBXBuildFile; fileRef = 7F05D97F26A5B3C8006F413E /* authbg.mp4 */; };
		7F05D98226A5B4CB006F413E /* authbg2.mp4 in Resources */ = {isa = PBXBuildFile; fileRef = 7F05D98126A5B4CB006F413E /* authbg2.mp4 */; };
		7F05D98426A5B793006F413E /* authbg3.mp4 in Resources */ = {isa = PBXBuildFile; fileRef = 7F05D98326A5B793006F413E /* authbg3.mp4 */; };
		7F1680B92694B084001F784E /* ProductInfoViewController.swift in Sources */ = {isa = PBXBuildFile; fileRef = 7F1680B82694B084001F784E /* ProductInfoViewController.swift */; };
		7F2899DB265FDD5900921BB5 /* ProductsTableViewCell.swift in Sources */ = {isa = PBXBuildFile; fileRef = 7F2899DA265FDD5900921BB5 /* ProductsTableViewCell.swift */; };
		7F2899DE265FE40C00921BB5 /* ProductsListViewController.swift in Sources */ = {isa = PBXBuildFile; fileRef = 7F2899DD265FE40C00921BB5 /* ProductsListViewController.swift */; };
		7F2899E0265FE71300921BB5 /* NewProductViewController.swift in Sources */ = {isa = PBXBuildFile; fileRef = 7F2899DF265FE71300921BB5 /* NewProductViewController.swift */; };
		7F2899EB265FEE0D00921BB5 /* CoreDataApp.xcdatamodeld in Sources */ = {isa = PBXBuildFile; fileRef = 7F2899E9265FEE0D00921BB5 /* CoreDataApp.xcdatamodeld */; };
		7F2899EE265FEEE300921BB5 /* Product+CoreDataClass.swift in Sources */ = {isa = PBXBuildFile; fileRef = 7F2899EC265FEEE300921BB5 /* Product+CoreDataClass.swift */; };
		7F2899EF265FEEE300921BB5 /* Product+CoreDataProperties.swift in Sources */ = {isa = PBXBuildFile; fileRef = 7F2899ED265FEEE300921BB5 /* Product+CoreDataProperties.swift */; };
		7F2899F12660003800921BB5 /* Model.swift in Sources */ = {isa = PBXBuildFile; fileRef = 7F2899F02660003800921BB5 /* Model.swift */; };
		7F3E07732688B7BA008F6868 /* Kingfisher in Frameworks */ = {isa = PBXBuildFile; productRef = 7F3E07722688B7BA008F6868 /* Kingfisher */; };
		7F3E077A268A707F008F6868 /* Pods_Noalek_Patisserie.framework in Frameworks */ = {isa = PBXBuildFile; fileRef = AD707499010F920586472C76 /* Pods_Noalek_Patisserie.framework */; };
		7F424E2A26652A7700D78937 /* ModelFirebase.swift in Sources */ = {isa = PBXBuildFile; fileRef = 7F424E2926652A7700D78937 /* ModelFirebase.swift */; };
		7F424E2E26652F7900D78937 /* GoogleService-Info.plist in Resources */ = {isa = PBXBuildFile; fileRef = 7F424E2D26652F7900D78937 /* GoogleService-Info.plist */; };
		7F6A952926A1BE310065A3B9 /* CommentsTableViewCell.swift in Sources */ = {isa = PBXBuildFile; fileRef = 7F6A952826A1BE310065A3B9 /* CommentsTableViewCell.swift */; };
		7F6A952B26A1C5460065A3B9 /* NewCommentViewController.swift in Sources */ = {isa = PBXBuildFile; fileRef = 7F6A952A26A1C5460065A3B9 /* NewCommentViewController.swift */; };
		7F6A952E26A1C7420065A3B9 /* Comment+CoreDataProperties.swift in Sources */ = {isa = PBXBuildFile; fileRef = 7F6A952D26A1C7420065A3B9 /* Comment+CoreDataProperties.swift */; };
		7F6A952F26A1C7420065A3B9 /* Comment+CoreDataClass.swift in Sources */ = {isa = PBXBuildFile; fileRef = 7F6A952C26A1C7420065A3B9 /* Comment+CoreDataClass.swift */; };
		7F85D310269F22470064D76B /* AuthViewController.swift in Sources */ = {isa = PBXBuildFile; fileRef = 7F85D30F269F22470064D76B /* AuthViewController.swift */; };
		7F85D312269F22690064D76B /* RegisterViewController.swift in Sources */ = {isa = PBXBuildFile; fileRef = 7F85D311269F22690064D76B /* RegisterViewController.swift */; };
		7F85D314269F22870064D76B /* LoginViewController.swift in Sources */ = {isa = PBXBuildFile; fileRef = 7F85D313269F22870064D76B /* LoginViewController.swift */; };
		7FBA6909269F29F1004D0BA9 /* Validation.swift in Sources */ = {isa = PBXBuildFile; fileRef = 7FBA6908269F29F1004D0BA9 /* Validation.swift */; };
		7FBA690B269F3336004D0BA9 /* Constants.swift in Sources */ = {isa = PBXBuildFile; fileRef = 7FBA690A269F3336004D0BA9 /* Constants.swift */; };
		7FBA690D26A08EF4004D0BA9 /* Inputs.swift in Sources */ = {isa = PBXBuildFile; fileRef = 7FBA690C26A08EF4004D0BA9 /* Inputs.swift */; };
		7FBA690F26A0973A004D0BA9 /* SplashViewController.swift in Sources */ = {isa = PBXBuildFile; fileRef = 7FBA690E26A0973A004D0BA9 /* SplashViewController.swift */; };
		7FEAD49826A49132009838E4 /* UserPopupViewController.swift in Sources */ = {isa = PBXBuildFile; fileRef = 7FEAD49726A49132009838E4 /* UserPopupViewController.swift */; };
		7FEAD49B26A4B7E2009838E4 /* splashbg.gif in Resources */ = {isa = PBXBuildFile; fileRef = 7FEAD49A26A4B7E2009838E4 /* splashbg.gif */; };
		7FEAD49D26A4C15D009838E4 /* Swift+Gif.swift in Sources */ = {isa = PBXBuildFile; fileRef = 7FEAD49C26A4C15D009838E4 /* Swift+Gif.swift */; };
		7FEAD49F26A4C440009838E4 /* splashbg-t.gif in Resources */ = {isa = PBXBuildFile; fileRef = 7FEAD49E26A4C440009838E4 /* splashbg-t.gif */; };
		7FEEDA5E265A944300545133 /* AppDelegate.swift in Sources */ = {isa = PBXBuildFile; fileRef = 7FEEDA5D265A944300545133 /* AppDelegate.swift */; };
		7FEEDA60265A944300545133 /* SceneDelegate.swift in Sources */ = {isa = PBXBuildFile; fileRef = 7FEEDA5F265A944300545133 /* SceneDelegate.swift */; };
		7FEEDA62265A944300545133 /* ViewController.swift in Sources */ = {isa = PBXBuildFile; fileRef = 7FEEDA61265A944300545133 /* ViewController.swift */; };
		7FEEDA65265A944300545133 /* Main.storyboard in Resources */ = {isa = PBXBuildFile; fileRef = 7FEEDA63265A944300545133 /* Main.storyboard */; };
		7FEEDA67265A944400545133 /* Assets.xcassets in Resources */ = {isa = PBXBuildFile; fileRef = 7FEEDA66265A944400545133 /* Assets.xcassets */; };
		7FEEDA6A265A944400545133 /* LaunchScreen.storyboard in Resources */ = {isa = PBXBuildFile; fileRef = 7FEEDA68265A944400545133 /* LaunchScreen.storyboard */; };
		7FEEDA75265A944400545133 /* Noalek_PatisserieTests.swift in Sources */ = {isa = PBXBuildFile; fileRef = 7FEEDA74265A944400545133 /* Noalek_PatisserieTests.swift */; };
		7FEEDA80265A944400545133 /* Noalek_PatisserieUITests.swift in Sources */ = {isa = PBXBuildFile; fileRef = 7FEEDA7F265A944400545133 /* Noalek_PatisserieUITests.swift */; };
		C5E0DD4EB4AAA2A56DC787DF /* Pods_Noalek_Patisserie_Noalek_PatisserieUITests.framework in Frameworks */ = {isa = PBXBuildFile; fileRef = A0026B4B8C95FC24156B3F95 /* Pods_Noalek_Patisserie_Noalek_PatisserieUITests.framework */; };
/* End PBXBuildFile section */

/* Begin PBXContainerItemProxy section */
		7FEEDA71265A944400545133 /* PBXContainerItemProxy */ = {
			isa = PBXContainerItemProxy;
			containerPortal = 7FEEDA52265A944300545133 /* Project object */;
			proxyType = 1;
			remoteGlobalIDString = 7FEEDA59265A944300545133;
			remoteInfo = Noalek_Patisserie;
		};
		7FEEDA7C265A944400545133 /* PBXContainerItemProxy */ = {
			isa = PBXContainerItemProxy;
			containerPortal = 7FEEDA52265A944300545133 /* Project object */;
			proxyType = 1;
			remoteGlobalIDString = 7FEEDA59265A944300545133;
			remoteInfo = Noalek_Patisserie;
		};
/* End PBXContainerItemProxy section */

/* Begin PBXFileReference section */
		0E75D9FB630141BDAD88D43F /* Pods-Noalek_PatisserieTests.debug.xcconfig */ = {isa = PBXFileReference; includeInIndex = 1; lastKnownFileType = text.xcconfig; name = "Pods-Noalek_PatisserieTests.debug.xcconfig"; path = "Target Support Files/Pods-Noalek_PatisserieTests/Pods-Noalek_PatisserieTests.debug.xcconfig"; sourceTree = "<group>"; };
		1A88B2AC8FDA5E24B1BBECDC /* Pods-Noalek_PatisserieTests.release.xcconfig */ = {isa = PBXFileReference; includeInIndex = 1; lastKnownFileType = text.xcconfig; name = "Pods-Noalek_PatisserieTests.release.xcconfig"; path = "Target Support Files/Pods-Noalek_PatisserieTests/Pods-Noalek_PatisserieTests.release.xcconfig"; sourceTree = "<group>"; };
		4C9B419784DBD25149445D2F /* Pods-Noalek_Patisserie.release.xcconfig */ = {isa = PBXFileReference; includeInIndex = 1; lastKnownFileType = text.xcconfig; name = "Pods-Noalek_Patisserie.release.xcconfig"; path = "Target Support Files/Pods-Noalek_Patisserie/Pods-Noalek_Patisserie.release.xcconfig"; sourceTree = "<group>"; };
		6A0054F9EDD0A0E88B572CF5 /* Pods_Noalek_PatisserieTests.framework */ = {isa = PBXFileReference; explicitFileType = wrapper.framework; includeInIndex = 0; path = Pods_Noalek_PatisserieTests.framework; sourceTree = BUILT_PRODUCTS_DIR; };
		7F05D97F26A5B3C8006F413E /* authbg.mp4 */ = {isa = PBXFileReference; lastKnownFileType = file; path = authbg.mp4; sourceTree = "<group>"; };
		7F05D98126A5B4CB006F413E /* authbg2.mp4 */ = {isa = PBXFileReference; lastKnownFileType = file; path = authbg2.mp4; sourceTree = "<group>"; };
		7F05D98326A5B793006F413E /* authbg3.mp4 */ = {isa = PBXFileReference; lastKnownFileType = file; path = authbg3.mp4; sourceTree = "<group>"; };
		7F1680B82694B084001F784E /* ProductInfoViewController.swift */ = {isa = PBXFileReference; lastKnownFileType = sourcecode.swift; path = ProductInfoViewController.swift; sourceTree = "<group>"; };
		7F2899DA265FDD5900921BB5 /* ProductsTableViewCell.swift */ = {isa = PBXFileReference; lastKnownFileType = sourcecode.swift; path = ProductsTableViewCell.swift; sourceTree = "<group>"; };
		7F2899DD265FE40C00921BB5 /* ProductsListViewController.swift */ = {isa = PBXFileReference; lastKnownFileType = sourcecode.swift; path = ProductsListViewController.swift; sourceTree = "<group>"; };
		7F2899DF265FE71300921BB5 /* NewProductViewController.swift */ = {isa = PBXFileReference; lastKnownFileType = sourcecode.swift; path = NewProductViewController.swift; sourceTree = "<group>"; };
		7F2899EA265FEE0D00921BB5 /* CoreDataApp.xcdatamodel */ = {isa = PBXFileReference; lastKnownFileType = wrapper.xcdatamodel; path = CoreDataApp.xcdatamodel; sourceTree = "<group>"; };
		7F2899EC265FEEE300921BB5 /* Product+CoreDataClass.swift */ = {isa = PBXFileReference; lastKnownFileType = sourcecode.swift; path = "Product+CoreDataClass.swift"; sourceTree = "<group>"; };
		7F2899ED265FEEE300921BB5 /* Product+CoreDataProperties.swift */ = {isa = PBXFileReference; lastKnownFileType = sourcecode.swift; path = "Product+CoreDataProperties.swift"; sourceTree = "<group>"; };
		7F2899F02660003800921BB5 /* Model.swift */ = {isa = PBXFileReference; lastKnownFileType = sourcecode.swift; path = Model.swift; sourceTree = "<group>"; };
		7F424E2926652A7700D78937 /* ModelFirebase.swift */ = {isa = PBXFileReference; lastKnownFileType = sourcecode.swift; path = ModelFirebase.swift; sourceTree = "<group>"; };
		7F424E2D26652F7900D78937 /* GoogleService-Info.plist */ = {isa = PBXFileReference; fileEncoding = 4; lastKnownFileType = text.plist.xml; path = "GoogleService-Info.plist"; sourceTree = "<group>"; };
		7F6A952826A1BE310065A3B9 /* CommentsTableViewCell.swift */ = {isa = PBXFileReference; lastKnownFileType = sourcecode.swift; path = CommentsTableViewCell.swift; sourceTree = "<group>"; };
		7F6A952A26A1C5460065A3B9 /* NewCommentViewController.swift */ = {isa = PBXFileReference; lastKnownFileType = sourcecode.swift; path = NewCommentViewController.swift; sourceTree = "<group>"; };
		7F6A952C26A1C7420065A3B9 /* Comment+CoreDataClass.swift */ = {isa = PBXFileReference; lastKnownFileType = sourcecode.swift; name = "Comment+CoreDataClass.swift"; path = "/Users/guy_nudelman/Desktop/Projects/Noalek_Patisserie/Noalek_Patisserie/View Controllers/Comment+CoreDataClass.swift"; sourceTree = "<absolute>"; };
		7F6A952D26A1C7420065A3B9 /* Comment+CoreDataProperties.swift */ = {isa = PBXFileReference; lastKnownFileType = sourcecode.swift; name = "Comment+CoreDataProperties.swift"; path = "/Users/guy_nudelman/Desktop/Projects/Noalek_Patisserie/Noalek_Patisserie/View Controllers/Comment+CoreDataProperties.swift"; sourceTree = "<absolute>"; };
		7F85D30F269F22470064D76B /* AuthViewController.swift */ = {isa = PBXFileReference; lastKnownFileType = sourcecode.swift; path = AuthViewController.swift; sourceTree = "<group>"; };
		7F85D311269F22690064D76B /* RegisterViewController.swift */ = {isa = PBXFileReference; lastKnownFileType = sourcecode.swift; path = RegisterViewController.swift; sourceTree = "<group>"; };
		7F85D313269F22870064D76B /* LoginViewController.swift */ = {isa = PBXFileReference; lastKnownFileType = sourcecode.swift; path = LoginViewController.swift; sourceTree = "<group>"; };
		7FBA6908269F29F1004D0BA9 /* Validation.swift */ = {isa = PBXFileReference; lastKnownFileType = sourcecode.swift; path = Validation.swift; sourceTree = "<group>"; };
		7FBA690A269F3336004D0BA9 /* Constants.swift */ = {isa = PBXFileReference; lastKnownFileType = sourcecode.swift; path = Constants.swift; sourceTree = "<group>"; };
		7FBA690C26A08EF4004D0BA9 /* Inputs.swift */ = {isa = PBXFileReference; lastKnownFileType = sourcecode.swift; path = Inputs.swift; sourceTree = "<group>"; };
		7FBA690E26A0973A004D0BA9 /* SplashViewController.swift */ = {isa = PBXFileReference; lastKnownFileType = sourcecode.swift; path = SplashViewController.swift; sourceTree = "<group>"; };
		7FEAD49726A49132009838E4 /* UserPopupViewController.swift */ = {isa = PBXFileReference; lastKnownFileType = sourcecode.swift; path = UserPopupViewController.swift; sourceTree = "<group>"; };
		7FEAD49A26A4B7E2009838E4 /* splashbg.gif */ = {isa = PBXFileReference; lastKnownFileType = image.gif; path = splashbg.gif; sourceTree = "<group>"; };
		7FEAD49C26A4C15D009838E4 /* Swift+Gif.swift */ = {isa = PBXFileReference; lastKnownFileType = sourcecode.swift; path = "Swift+Gif.swift"; sourceTree = "<group>"; };
		7FEAD49E26A4C440009838E4 /* splashbg-t.gif */ = {isa = PBXFileReference; lastKnownFileType = image.gif; path = "splashbg-t.gif"; sourceTree = "<group>"; };
		7FEEDA5A265A944300545133 /* Noalek_Patisserie.app */ = {isa = PBXFileReference; explicitFileType = wrapper.application; includeInIndex = 0; path = Noalek_Patisserie.app; sourceTree = BUILT_PRODUCTS_DIR; };
		7FEEDA5D265A944300545133 /* AppDelegate.swift */ = {isa = PBXFileReference; lastKnownFileType = sourcecode.swift; path = AppDelegate.swift; sourceTree = "<group>"; };
		7FEEDA5F265A944300545133 /* SceneDelegate.swift */ = {isa = PBXFileReference; lastKnownFileType = sourcecode.swift; path = SceneDelegate.swift; sourceTree = "<group>"; };
		7FEEDA61265A944300545133 /* ViewController.swift */ = {isa = PBXFileReference; lastKnownFileType = sourcecode.swift; path = ViewController.swift; sourceTree = "<group>"; };
		7FEEDA64265A944300545133 /* Base */ = {isa = PBXFileReference; lastKnownFileType = file.storyboard; name = Base; path = Base.lproj/Main.storyboard; sourceTree = "<group>"; };
		7FEEDA66265A944400545133 /* Assets.xcassets */ = {isa = PBXFileReference; lastKnownFileType = folder.assetcatalog; path = Assets.xcassets; sourceTree = "<group>"; };
		7FEEDA69265A944400545133 /* Base */ = {isa = PBXFileReference; lastKnownFileType = file.storyboard; name = Base; path = Base.lproj/LaunchScreen.storyboard; sourceTree = "<group>"; };
		7FEEDA6B265A944400545133 /* Info.plist */ = {isa = PBXFileReference; lastKnownFileType = text.plist.xml; path = Info.plist; sourceTree = "<group>"; };
		7FEEDA70265A944400545133 /* Noalek_PatisserieTests.xctest */ = {isa = PBXFileReference; explicitFileType = wrapper.cfbundle; includeInIndex = 0; path = Noalek_PatisserieTests.xctest; sourceTree = BUILT_PRODUCTS_DIR; };
		7FEEDA74265A944400545133 /* Noalek_PatisserieTests.swift */ = {isa = PBXFileReference; lastKnownFileType = sourcecode.swift; path = Noalek_PatisserieTests.swift; sourceTree = "<group>"; };
		7FEEDA76265A944400545133 /* Info.plist */ = {isa = PBXFileReference; lastKnownFileType = text.plist.xml; path = Info.plist; sourceTree = "<group>"; };
		7FEEDA7B265A944400545133 /* Noalek_PatisserieUITests.xctest */ = {isa = PBXFileReference; explicitFileType = wrapper.cfbundle; includeInIndex = 0; path = Noalek_PatisserieUITests.xctest; sourceTree = BUILT_PRODUCTS_DIR; };
		7FEEDA7F265A944400545133 /* Noalek_PatisserieUITests.swift */ = {isa = PBXFileReference; lastKnownFileType = sourcecode.swift; path = Noalek_PatisserieUITests.swift; sourceTree = "<group>"; };
		7FEEDA81265A944400545133 /* Info.plist */ = {isa = PBXFileReference; lastKnownFileType = text.plist.xml; path = Info.plist; sourceTree = "<group>"; };
		A0026B4B8C95FC24156B3F95 /* Pods_Noalek_Patisserie_Noalek_PatisserieUITests.framework */ = {isa = PBXFileReference; explicitFileType = wrapper.framework; includeInIndex = 0; path = Pods_Noalek_Patisserie_Noalek_PatisserieUITests.framework; sourceTree = BUILT_PRODUCTS_DIR; };
		AD707499010F920586472C76 /* Pods_Noalek_Patisserie.framework */ = {isa = PBXFileReference; explicitFileType = wrapper.framework; includeInIndex = 0; path = Pods_Noalek_Patisserie.framework; sourceTree = BUILT_PRODUCTS_DIR; };
		BE5CE4E86C96BDC3F494304C /* Pods-Noalek_Patisserie.debug.xcconfig */ = {isa = PBXFileReference; includeInIndex = 1; lastKnownFileType = text.xcconfig; name = "Pods-Noalek_Patisserie.debug.xcconfig"; path = "Target Support Files/Pods-Noalek_Patisserie/Pods-Noalek_Patisserie.debug.xcconfig"; sourceTree = "<group>"; };
		D9DED1162E9BD9956D0B0EF9 /* Pods-Noalek_Patisserie-Noalek_PatisserieUITests.debug.xcconfig */ = {isa = PBXFileReference; includeInIndex = 1; lastKnownFileType = text.xcconfig; name = "Pods-Noalek_Patisserie-Noalek_PatisserieUITests.debug.xcconfig"; path = "Target Support Files/Pods-Noalek_Patisserie-Noalek_PatisserieUITests/Pods-Noalek_Patisserie-Noalek_PatisserieUITests.debug.xcconfig"; sourceTree = "<group>"; };
		DD28D350A6836B53A3603025 /* Pods-Noalek_Patisserie-Noalek_PatisserieUITests.release.xcconfig */ = {isa = PBXFileReference; includeInIndex = 1; lastKnownFileType = text.xcconfig; name = "Pods-Noalek_Patisserie-Noalek_PatisserieUITests.release.xcconfig"; path = "Target Support Files/Pods-Noalek_Patisserie-Noalek_PatisserieUITests/Pods-Noalek_Patisserie-Noalek_PatisserieUITests.release.xcconfig"; sourceTree = "<group>"; };
/* End PBXFileReference section */

/* Begin PBXFrameworksBuildPhase section */
		7FEEDA57265A944300545133 /* Frameworks */ = {
			isa = PBXFrameworksBuildPhase;
			buildActionMask = 2147483647;
			files = (
				7F3E077A268A707F008F6868 /* Pods_Noalek_Patisserie.framework in Frameworks */,
				7F3E07732688B7BA008F6868 /* Kingfisher in Frameworks */,
			);
			runOnlyForDeploymentPostprocessing = 0;
		};
		7FEEDA6D265A944400545133 /* Frameworks */ = {
			isa = PBXFrameworksBuildPhase;
			buildActionMask = 2147483647;
			files = (
				7007A274EB3259C59E020E22 /* Pods_Noalek_PatisserieTests.framework in Frameworks */,
			);
			runOnlyForDeploymentPostprocessing = 0;
		};
		7FEEDA78265A944400545133 /* Frameworks */ = {
			isa = PBXFrameworksBuildPhase;
			buildActionMask = 2147483647;
			files = (
				C5E0DD4EB4AAA2A56DC787DF /* Pods_Noalek_Patisserie_Noalek_PatisserieUITests.framework in Frameworks */,
			);
			runOnlyForDeploymentPostprocessing = 0;
		};
/* End PBXFrameworksBuildPhase section */

/* Begin PBXGroup section */
		7F2899D3265FDB6B00921BB5 /* Model */ = {
			isa = PBXGroup;
			children = (
				7F6A952C26A1C7420065A3B9 /* Comment+CoreDataClass.swift */,
				7F6A952D26A1C7420065A3B9 /* Comment+CoreDataProperties.swift */,
				7F2899EC265FEEE300921BB5 /* Product+CoreDataClass.swift */,
				7F2899ED265FEEE300921BB5 /* Product+CoreDataProperties.swift */,
				7F2899E9265FEE0D00921BB5 /* CoreDataApp.xcdatamodeld */,
				7F2899F02660003800921BB5 /* Model.swift */,
				7F424E2926652A7700D78937 /* ModelFirebase.swift */,
			);
			path = Model;
			sourceTree = "<group>";
		};
		7F2899DC265FDD6900921BB5 /* View Controllers */ = {
			isa = PBXGroup;
			children = (
				7F2899DA265FDD5900921BB5 /* ProductsTableViewCell.swift */,
				7F2899DD265FE40C00921BB5 /* ProductsListViewController.swift */,
				7F2899DF265FE71300921BB5 /* NewProductViewController.swift */,
				7F1680B82694B084001F784E /* ProductInfoViewController.swift */,
				7F85D30F269F22470064D76B /* AuthViewController.swift */,
				7F85D311269F22690064D76B /* RegisterViewController.swift */,
				7F85D313269F22870064D76B /* LoginViewController.swift */,
				7FBA690E26A0973A004D0BA9 /* SplashViewController.swift */,
				7F6A952826A1BE310065A3B9 /* CommentsTableViewCell.swift */,
				7F6A952A26A1C5460065A3B9 /* NewCommentViewController.swift */,
				7FEAD49726A49132009838E4 /* UserPopupViewController.swift */,
			);
			path = "View Controllers";
			sourceTree = "<group>";
		};
		7FBA6907269F29DB004D0BA9 /* Helpers */ = {
			isa = PBXGroup;
			children = (
				7FEAD49926A4B7C9009838E4 /* Media */,
				7FBA6908269F29F1004D0BA9 /* Validation.swift */,
				7FBA690A269F3336004D0BA9 /* Constants.swift */,
				7FBA690C26A08EF4004D0BA9 /* Inputs.swift */,
				7FEAD49C26A4C15D009838E4 /* Swift+Gif.swift */,
			);
			path = Helpers;
			sourceTree = "<group>";
		};
		7FEAD49926A4B7C9009838E4 /* Media */ = {
			isa = PBXGroup;
			children = (
				7FEAD49E26A4C440009838E4 /* splashbg-t.gif */,
				7FEAD49A26A4B7E2009838E4 /* splashbg.gif */,
				7F05D97F26A5B3C8006F413E /* authbg.mp4 */,
				7F05D98126A5B4CB006F413E /* authbg2.mp4 */,
				7F05D98326A5B793006F413E /* authbg3.mp4 */,
			);
			path = Media;
			sourceTree = "<group>";
		};
		7FEEDA51265A944300545133 = {
			isa = PBXGroup;
			children = (
				7FEEDA5C265A944300545133 /* Noalek_Patisserie */,
				7FEEDA73265A944400545133 /* Noalek_PatisserieTests */,
				7FEEDA7E265A944400545133 /* Noalek_PatisserieUITests */,
				7FEEDA5B265A944300545133 /* Products */,
				E8684DDCE61DC55802776177 /* Pods */,
				BA777704A2DA9F2705E74523 /* Frameworks */,
			);
			sourceTree = "<group>";
		};
		7FEEDA5B265A944300545133 /* Products */ = {
			isa = PBXGroup;
			children = (
				7FEEDA5A265A944300545133 /* Noalek_Patisserie.app */,
				7FEEDA70265A944400545133 /* Noalek_PatisserieTests.xctest */,
				7FEEDA7B265A944400545133 /* Noalek_PatisserieUITests.xctest */,
			);
			name = Products;
			sourceTree = "<group>";
		};
		7FEEDA5C265A944300545133 /* Noalek_Patisserie */ = {
			isa = PBXGroup;
			children = (
				7FBA6907269F29DB004D0BA9 /* Helpers */,
				7F424E2D26652F7900D78937 /* GoogleService-Info.plist */,
				7F2899DC265FDD6900921BB5 /* View Controllers */,
				7F2899D3265FDB6B00921BB5 /* Model */,
				7FEEDA5D265A944300545133 /* AppDelegate.swift */,
				7FEEDA5F265A944300545133 /* SceneDelegate.swift */,
				7FEEDA61265A944300545133 /* ViewController.swift */,
				7FEEDA63265A944300545133 /* Main.storyboard */,
				7FEEDA66265A944400545133 /* Assets.xcassets */,
				7FEEDA68265A944400545133 /* LaunchScreen.storyboard */,
				7FEEDA6B265A944400545133 /* Info.plist */,
			);
			path = Noalek_Patisserie;
			sourceTree = "<group>";
		};
		7FEEDA73265A944400545133 /* Noalek_PatisserieTests */ = {
			isa = PBXGroup;
			children = (
				7FEEDA74265A944400545133 /* Noalek_PatisserieTests.swift */,
				7FEEDA76265A944400545133 /* Info.plist */,
			);
			path = Noalek_PatisserieTests;
			sourceTree = "<group>";
		};
		7FEEDA7E265A944400545133 /* Noalek_PatisserieUITests */ = {
			isa = PBXGroup;
			children = (
				7FEEDA7F265A944400545133 /* Noalek_PatisserieUITests.swift */,
				7FEEDA81265A944400545133 /* Info.plist */,
			);
			path = Noalek_PatisserieUITests;
			sourceTree = "<group>";
		};
		BA777704A2DA9F2705E74523 /* Frameworks */ = {
			isa = PBXGroup;
			children = (
				AD707499010F920586472C76 /* Pods_Noalek_Patisserie.framework */,
				A0026B4B8C95FC24156B3F95 /* Pods_Noalek_Patisserie_Noalek_PatisserieUITests.framework */,
				6A0054F9EDD0A0E88B572CF5 /* Pods_Noalek_PatisserieTests.framework */,
			);
			name = Frameworks;
			sourceTree = "<group>";
		};
		E8684DDCE61DC55802776177 /* Pods */ = {
			isa = PBXGroup;
			children = (
				BE5CE4E86C96BDC3F494304C /* Pods-Noalek_Patisserie.debug.xcconfig */,
				4C9B419784DBD25149445D2F /* Pods-Noalek_Patisserie.release.xcconfig */,
				D9DED1162E9BD9956D0B0EF9 /* Pods-Noalek_Patisserie-Noalek_PatisserieUITests.debug.xcconfig */,
				DD28D350A6836B53A3603025 /* Pods-Noalek_Patisserie-Noalek_PatisserieUITests.release.xcconfig */,
				0E75D9FB630141BDAD88D43F /* Pods-Noalek_PatisserieTests.debug.xcconfig */,
				1A88B2AC8FDA5E24B1BBECDC /* Pods-Noalek_PatisserieTests.release.xcconfig */,
			);
			path = Pods;
			sourceTree = "<group>";
		};
/* End PBXGroup section */

/* Begin PBXNativeTarget section */
		7FEEDA59265A944300545133 /* Noalek_Patisserie */ = {
			isa = PBXNativeTarget;
			buildConfigurationList = 7FEEDA84265A944400545133 /* Build configuration list for PBXNativeTarget "Noalek_Patisserie" */;
			buildPhases = (
				BEBCB94387DCC06349B85309 /* [CP] Check Pods Manifest.lock */,
				7FEEDA56265A944300545133 /* Sources */,
				7FEEDA57265A944300545133 /* Frameworks */,
				7FEEDA58265A944300545133 /* Resources */,
				EE5D32806AFEBF7928E6CFAB /* [CP] Embed Pods Frameworks */,
				9F5EED1EDFE34DDBA0828943 /* [CP] Copy Pods Resources */,
			);
			buildRules = (
			);
			dependencies = (
			);
			name = Noalek_Patisserie;
			packageProductDependencies = (
				7F3E07722688B7BA008F6868 /* Kingfisher */,
			);
			productName = Noalek_Patisserie;
			productReference = 7FEEDA5A265A944300545133 /* Noalek_Patisserie.app */;
			productType = "com.apple.product-type.application";
		};
		7FEEDA6F265A944400545133 /* Noalek_PatisserieTests */ = {
			isa = PBXNativeTarget;
			buildConfigurationList = 7FEEDA87265A944400545133 /* Build configuration list for PBXNativeTarget "Noalek_PatisserieTests" */;
			buildPhases = (
				83AC83B1C9D19FE7CD1D2F1C /* [CP] Check Pods Manifest.lock */,
				7FEEDA6C265A944400545133 /* Sources */,
				7FEEDA6D265A944400545133 /* Frameworks */,
				7FEEDA6E265A944400545133 /* Resources */,
			);
			buildRules = (
			);
			dependencies = (
				7FEEDA72265A944400545133 /* PBXTargetDependency */,
			);
			name = Noalek_PatisserieTests;
			productName = Noalek_PatisserieTests;
			productReference = 7FEEDA70265A944400545133 /* Noalek_PatisserieTests.xctest */;
			productType = "com.apple.product-type.bundle.unit-test";
		};
		7FEEDA7A265A944400545133 /* Noalek_PatisserieUITests */ = {
			isa = PBXNativeTarget;
			buildConfigurationList = 7FEEDA8A265A944400545133 /* Build configuration list for PBXNativeTarget "Noalek_PatisserieUITests" */;
			buildPhases = (
				C0A88A1BB865AB2A036B83F6 /* [CP] Check Pods Manifest.lock */,
				7FEEDA77265A944400545133 /* Sources */,
				7FEEDA78265A944400545133 /* Frameworks */,
				7FEEDA79265A944400545133 /* Resources */,
				353B5B64E7B50E9398432D46 /* [CP] Embed Pods Frameworks */,
				E967B1455C31D73A430C2130 /* [CP] Copy Pods Resources */,
			);
			buildRules = (
			);
			dependencies = (
				7FEEDA7D265A944400545133 /* PBXTargetDependency */,
			);
			name = Noalek_PatisserieUITests;
			productName = Noalek_PatisserieUITests;
			productReference = 7FEEDA7B265A944400545133 /* Noalek_PatisserieUITests.xctest */;
			productType = "com.apple.product-type.bundle.ui-testing";
		};
/* End PBXNativeTarget section */

/* Begin PBXProject section */
		7FEEDA52265A944300545133 /* Project object */ = {
			isa = PBXProject;
			attributes = {
				LastSwiftUpdateCheck = 1250;
				LastUpgradeCheck = 1250;
				TargetAttributes = {
					7FEEDA59265A944300545133 = {
						CreatedOnToolsVersion = 12.5;
					};
					7FEEDA6F265A944400545133 = {
						CreatedOnToolsVersion = 12.5;
						TestTargetID = 7FEEDA59265A944300545133;
					};
					7FEEDA7A265A944400545133 = {
						CreatedOnToolsVersion = 12.5;
						TestTargetID = 7FEEDA59265A944300545133;
					};
				};
			};
			buildConfigurationList = 7FEEDA55265A944300545133 /* Build configuration list for PBXProject "Noalek_Patisserie" */;
			compatibilityVersion = "Xcode 9.3";
			developmentRegion = en;
			hasScannedForEncodings = 0;
			knownRegions = (
				en,
				Base,
			);
			mainGroup = 7FEEDA51265A944300545133;
			packageReferences = (
				7F3E07712688B7BA008F6868 /* XCRemoteSwiftPackageReference "Kingfisher" */,
			);
			productRefGroup = 7FEEDA5B265A944300545133 /* Products */;
			projectDirPath = "";
			projectRoot = "";
			targets = (
				7FEEDA59265A944300545133 /* Noalek_Patisserie */,
				7FEEDA6F265A944400545133 /* Noalek_PatisserieTests */,
				7FEEDA7A265A944400545133 /* Noalek_PatisserieUITests */,
			);
		};
/* End PBXProject section */

/* Begin PBXResourcesBuildPhase section */
		7FEEDA58265A944300545133 /* Resources */ = {
			isa = PBXResourcesBuildPhase;
			buildActionMask = 2147483647;
			files = (
				7FEAD49F26A4C440009838E4 /* splashbg-t.gif in Resources */,
				7FEEDA6A265A944400545133 /* LaunchScreen.storyboard in Resources */,
				7F424E2E26652F7900D78937 /* GoogleService-Info.plist in Resources */,
				7FEEDA67265A944400545133 /* Assets.xcassets in Resources */,
				7F05D98226A5B4CB006F413E /* authbg2.mp4 in Resources */,
				7F05D98426A5B793006F413E /* authbg3.mp4 in Resources */,
				7FEAD49B26A4B7E2009838E4 /* splashbg.gif in Resources */,
				7FEEDA65265A944300545133 /* Main.storyboard in Resources */,
				7F05D98026A5B3C8006F413E /* authbg.mp4 in Resources */,
			);
			runOnlyForDeploymentPostprocessing = 0;
		};
		7FEEDA6E265A944400545133 /* Resources */ = {
			isa = PBXResourcesBuildPhase;
			buildActionMask = 2147483647;
			files = (
			);
			runOnlyForDeploymentPostprocessing = 0;
		};
		7FEEDA79265A944400545133 /* Resources */ = {
			isa = PBXResourcesBuildPhase;
			buildActionMask = 2147483647;
			files = (
			);
			runOnlyForDeploymentPostprocessing = 0;
		};
/* End PBXResourcesBuildPhase section */

/* Begin PBXShellScriptBuildPhase section */
		353B5B64E7B50E9398432D46 /* [CP] Embed Pods Frameworks */ = {
			isa = PBXShellScriptBuildPhase;
			buildActionMask = 2147483647;
			files = (
			);
			inputFileListPaths = (
				"${PODS_ROOT}/Target Support Files/Pods-Noalek_Patisserie-Noalek_PatisserieUITests/Pods-Noalek_Patisserie-Noalek_PatisserieUITests-frameworks-${CONFIGURATION}-input-files.xcfilelist",
			);
			name = "[CP] Embed Pods Frameworks";
			outputFileListPaths = (
				"${PODS_ROOT}/Target Support Files/Pods-Noalek_Patisserie-Noalek_PatisserieUITests/Pods-Noalek_Patisserie-Noalek_PatisserieUITests-frameworks-${CONFIGURATION}-output-files.xcfilelist",
			);
			runOnlyForDeploymentPostprocessing = 0;
			shellPath = /bin/sh;
			shellScript = "\"${PODS_ROOT}/Target Support Files/Pods-Noalek_Patisserie-Noalek_PatisserieUITests/Pods-Noalek_Patisserie-Noalek_PatisserieUITests-frameworks.sh\"\n";
			showEnvVarsInLog = 0;
		};
		83AC83B1C9D19FE7CD1D2F1C /* [CP] Check Pods Manifest.lock */ = {
			isa = PBXShellScriptBuildPhase;
			buildActionMask = 2147483647;
			files = (
			);
			inputFileListPaths = (
			);
			inputPaths = (
				"${PODS_PODFILE_DIR_PATH}/Podfile.lock",
				"${PODS_ROOT}/Manifest.lock",
			);
			name = "[CP] Check Pods Manifest.lock";
			outputFileListPaths = (
			);
			outputPaths = (
				"$(DERIVED_FILE_DIR)/Pods-Noalek_PatisserieTests-checkManifestLockResult.txt",
			);
			runOnlyForDeploymentPostprocessing = 0;
			shellPath = /bin/sh;
			shellScript = "diff \"${PODS_PODFILE_DIR_PATH}/Podfile.lock\" \"${PODS_ROOT}/Manifest.lock\" > /dev/null\nif [ $? != 0 ] ; then\n    # print error to STDERR\n    echo \"error: The sandbox is not in sync with the Podfile.lock. Run 'pod install' or update your CocoaPods installation.\" >&2\n    exit 1\nfi\n# This output is used by Xcode 'outputs' to avoid re-running this script phase.\necho \"SUCCESS\" > \"${SCRIPT_OUTPUT_FILE_0}\"\n";
			showEnvVarsInLog = 0;
		};
		9F5EED1EDFE34DDBA0828943 /* [CP] Copy Pods Resources */ = {
			isa = PBXShellScriptBuildPhase;
			buildActionMask = 2147483647;
			files = (
			);
			inputFileListPaths = (
				"${PODS_ROOT}/Target Support Files/Pods-Noalek_Patisserie/Pods-Noalek_Patisserie-resources-${CONFIGURATION}-input-files.xcfilelist",
			);
			name = "[CP] Copy Pods Resources";
			outputFileListPaths = (
				"${PODS_ROOT}/Target Support Files/Pods-Noalek_Patisserie/Pods-Noalek_Patisserie-resources-${CONFIGURATION}-output-files.xcfilelist",
			);
			runOnlyForDeploymentPostprocessing = 0;
			shellPath = /bin/sh;
			shellScript = "\"${PODS_ROOT}/Target Support Files/Pods-Noalek_Patisserie/Pods-Noalek_Patisserie-resources.sh\"\n";
			showEnvVarsInLog = 0;
		};
		BEBCB94387DCC06349B85309 /* [CP] Check Pods Manifest.lock */ = {
			isa = PBXShellScriptBuildPhase;
			buildActionMask = 2147483647;
			files = (
			);
			inputFileListPaths = (
			);
			inputPaths = (
				"${PODS_PODFILE_DIR_PATH}/Podfile.lock",
				"${PODS_ROOT}/Manifest.lock",
			);
			name = "[CP] Check Pods Manifest.lock";
			outputFileListPaths = (
			);
			outputPaths = (
				"$(DERIVED_FILE_DIR)/Pods-Noalek_Patisserie-checkManifestLockResult.txt",
			);
			runOnlyForDeploymentPostprocessing = 0;
			shellPath = /bin/sh;
			shellScript = "diff \"${PODS_PODFILE_DIR_PATH}/Podfile.lock\" \"${PODS_ROOT}/Manifest.lock\" > /dev/null\nif [ $? != 0 ] ; then\n    # print error to STDERR\n    echo \"error: The sandbox is not in sync with the Podfile.lock. Run 'pod install' or update your CocoaPods installation.\" >&2\n    exit 1\nfi\n# This output is used by Xcode 'outputs' to avoid re-running this script phase.\necho \"SUCCESS\" > \"${SCRIPT_OUTPUT_FILE_0}\"\n";
			showEnvVarsInLog = 0;
		};
		C0A88A1BB865AB2A036B83F6 /* [CP] Check Pods Manifest.lock */ = {
			isa = PBXShellScriptBuildPhase;
			buildActionMask = 2147483647;
			files = (
			);
			inputFileListPaths = (
			);
			inputPaths = (
				"${PODS_PODFILE_DIR_PATH}/Podfile.lock",
				"${PODS_ROOT}/Manifest.lock",
			);
			name = "[CP] Check Pods Manifest.lock";
			outputFileListPaths = (
			);
			outputPaths = (
				"$(DERIVED_FILE_DIR)/Pods-Noalek_Patisserie-Noalek_PatisserieUITests-checkManifestLockResult.txt",
			);
			runOnlyForDeploymentPostprocessing = 0;
			shellPath = /bin/sh;
			shellScript = "diff \"${PODS_PODFILE_DIR_PATH}/Podfile.lock\" \"${PODS_ROOT}/Manifest.lock\" > /dev/null\nif [ $? != 0 ] ; then\n    # print error to STDERR\n    echo \"error: The sandbox is not in sync with the Podfile.lock. Run 'pod install' or update your CocoaPods installation.\" >&2\n    exit 1\nfi\n# This output is used by Xcode 'outputs' to avoid re-running this script phase.\necho \"SUCCESS\" > \"${SCRIPT_OUTPUT_FILE_0}\"\n";
			showEnvVarsInLog = 0;
		};
		E967B1455C31D73A430C2130 /* [CP] Copy Pods Resources */ = {
			isa = PBXShellScriptBuildPhase;
			buildActionMask = 2147483647;
			files = (
			);
			inputFileListPaths = (
				"${PODS_ROOT}/Target Support Files/Pods-Noalek_Patisserie-Noalek_PatisserieUITests/Pods-Noalek_Patisserie-Noalek_PatisserieUITests-resources-${CONFIGURATION}-input-files.xcfilelist",
			);
			name = "[CP] Copy Pods Resources";
			outputFileListPaths = (
				"${PODS_ROOT}/Target Support Files/Pods-Noalek_Patisserie-Noalek_PatisserieUITests/Pods-Noalek_Patisserie-Noalek_PatisserieUITests-resources-${CONFIGURATION}-output-files.xcfilelist",
			);
			runOnlyForDeploymentPostprocessing = 0;
			shellPath = /bin/sh;
			shellScript = "\"${PODS_ROOT}/Target Support Files/Pods-Noalek_Patisserie-Noalek_PatisserieUITests/Pods-Noalek_Patisserie-Noalek_PatisserieUITests-resources.sh\"\n";
			showEnvVarsInLog = 0;
		};
		EE5D32806AFEBF7928E6CFAB /* [CP] Embed Pods Frameworks */ = {
			isa = PBXShellScriptBuildPhase;
			buildActionMask = 2147483647;
			files = (
			);
			inputFileListPaths = (
				"${PODS_ROOT}/Target Support Files/Pods-Noalek_Patisserie/Pods-Noalek_Patisserie-frameworks-${CONFIGURATION}-input-files.xcfilelist",
			);
			name = "[CP] Embed Pods Frameworks";
			outputFileListPaths = (
				"${PODS_ROOT}/Target Support Files/Pods-Noalek_Patisserie/Pods-Noalek_Patisserie-frameworks-${CONFIGURATION}-output-files.xcfilelist",
			);
			runOnlyForDeploymentPostprocessing = 0;
			shellPath = /bin/sh;
			shellScript = "\"${PODS_ROOT}/Target Support Files/Pods-Noalek_Patisserie/Pods-Noalek_Patisserie-frameworks.sh\"\n";
			showEnvVarsInLog = 0;
		};
/* End PBXShellScriptBuildPhase section */

/* Begin PBXSourcesBuildPhase section */
		7FEEDA56265A944300545133 /* Sources */ = {
			isa = PBXSourcesBuildPhase;
			buildActionMask = 2147483647;
			files = (
				7FEEDA62265A944300545133 /* ViewController.swift in Sources */,
				7FBA690B269F3336004D0BA9 /* Constants.swift in Sources */,
				7FEAD49826A49132009838E4 /* UserPopupViewController.swift in Sources */,
				7F2899DB265FDD5900921BB5 /* ProductsTableViewCell.swift in Sources */,
				7F2899DE265FE40C00921BB5 /* ProductsListViewController.swift in Sources */,
				7F85D314269F22870064D76B /* LoginViewController.swift in Sources */,
				7F2899EE265FEEE300921BB5 /* Product+CoreDataClass.swift in Sources */,
				7FEEDA5E265A944300545133 /* AppDelegate.swift in Sources */,
				7F6A952926A1BE310065A3B9 /* CommentsTableViewCell.swift in Sources */,
				7F6A952B26A1C5460065A3B9 /* NewCommentViewController.swift in Sources */,
				7FBA6909269F29F1004D0BA9 /* Validation.swift in Sources */,
				7F2899F12660003800921BB5 /* Model.swift in Sources */,
				7F1680B92694B084001F784E /* ProductInfoViewController.swift in Sources */,
				7F2899EB265FEE0D00921BB5 /* CoreDataApp.xcdatamodeld in Sources */,
				7F6A952F26A1C7420065A3B9 /* Comment+CoreDataClass.swift in Sources */,
				7F85D310269F22470064D76B /* AuthViewController.swift in Sources */,
				7F85D312269F22690064D76B /* RegisterViewController.swift in Sources */,
				7F424E2A26652A7700D78937 /* ModelFirebase.swift in Sources */,
				7F6A952E26A1C7420065A3B9 /* Comment+CoreDataProperties.swift in Sources */,
				7FEAD49D26A4C15D009838E4 /* Swift+Gif.swift in Sources */,
				7FBA690F26A0973A004D0BA9 /* SplashViewController.swift in Sources */,
				7FBA690D26A08EF4004D0BA9 /* Inputs.swift in Sources */,
				7F2899E0265FE71300921BB5 /* NewProductViewController.swift in Sources */,
				7FEEDA60265A944300545133 /* SceneDelegate.swift in Sources */,
				7F2899EF265FEEE300921BB5 /* Product+CoreDataProperties.swift in Sources */,
			);
			runOnlyForDeploymentPostprocessing = 0;
		};
		7FEEDA6C265A944400545133 /* Sources */ = {
			isa = PBXSourcesBuildPhase;
			buildActionMask = 2147483647;
			files = (
				7FEEDA75265A944400545133 /* Noalek_PatisserieTests.swift in Sources */,
			);
			runOnlyForDeploymentPostprocessing = 0;
		};
		7FEEDA77265A944400545133 /* Sources */ = {
			isa = PBXSourcesBuildPhase;
			buildActionMask = 2147483647;
			files = (
				7FEEDA80265A944400545133 /* Noalek_PatisserieUITests.swift in Sources */,
			);
			runOnlyForDeploymentPostprocessing = 0;
		};
/* End PBXSourcesBuildPhase section */

/* Begin PBXTargetDependency section */
		7FEEDA72265A944400545133 /* PBXTargetDependency */ = {
			isa = PBXTargetDependency;
			target = 7FEEDA59265A944300545133 /* Noalek_Patisserie */;
			targetProxy = 7FEEDA71265A944400545133 /* PBXContainerItemProxy */;
		};
		7FEEDA7D265A944400545133 /* PBXTargetDependency */ = {
			isa = PBXTargetDependency;
			target = 7FEEDA59265A944300545133 /* Noalek_Patisserie */;
			targetProxy = 7FEEDA7C265A944400545133 /* PBXContainerItemProxy */;
		};
/* End PBXTargetDependency section */

/* Begin PBXVariantGroup section */
		7FEEDA63265A944300545133 /* Main.storyboard */ = {
			isa = PBXVariantGroup;
			children = (
				7FEEDA64265A944300545133 /* Base */,
			);
			name = Main.storyboard;
			sourceTree = "<group>";
		};
		7FEEDA68265A944400545133 /* LaunchScreen.storyboard */ = {
			isa = PBXVariantGroup;
			children = (
				7FEEDA69265A944400545133 /* Base */,
			);
			name = LaunchScreen.storyboard;
			sourceTree = "<group>";
		};
/* End PBXVariantGroup section */

/* Begin XCBuildConfiguration section */
		7FEEDA82265A944400545133 /* Debug */ = {
			isa = XCBuildConfiguration;
			buildSettings = {
				ALWAYS_SEARCH_USER_PATHS = NO;
				CLANG_ANALYZER_NONNULL = YES;
				CLANG_ANALYZER_NUMBER_OBJECT_CONVERSION = YES_AGGRESSIVE;
				CLANG_CXX_LANGUAGE_STANDARD = "gnu++14";
				CLANG_CXX_LIBRARY = "libc++";
				CLANG_ENABLE_MODULES = YES;
				CLANG_ENABLE_OBJC_ARC = YES;
				CLANG_ENABLE_OBJC_WEAK = YES;
				CLANG_WARN_BLOCK_CAPTURE_AUTORELEASING = YES;
				CLANG_WARN_BOOL_CONVERSION = YES;
				CLANG_WARN_COMMA = YES;
				CLANG_WARN_CONSTANT_CONVERSION = YES;
				CLANG_WARN_DEPRECATED_OBJC_IMPLEMENTATIONS = YES;
				CLANG_WARN_DIRECT_OBJC_ISA_USAGE = YES_ERROR;
				CLANG_WARN_DOCUMENTATION_COMMENTS = YES;
				CLANG_WARN_EMPTY_BODY = YES;
				CLANG_WARN_ENUM_CONVERSION = YES;
				CLANG_WARN_INFINITE_RECURSION = YES;
				CLANG_WARN_INT_CONVERSION = YES;
				CLANG_WARN_NON_LITERAL_NULL_CONVERSION = YES;
				CLANG_WARN_OBJC_IMPLICIT_RETAIN_SELF = YES;
				CLANG_WARN_OBJC_LITERAL_CONVERSION = YES;
				CLANG_WARN_OBJC_ROOT_CLASS = YES_ERROR;
				CLANG_WARN_QUOTED_INCLUDE_IN_FRAMEWORK_HEADER = YES;
				CLANG_WARN_RANGE_LOOP_ANALYSIS = YES;
				CLANG_WARN_STRICT_PROTOTYPES = YES;
				CLANG_WARN_SUSPICIOUS_MOVE = YES;
				CLANG_WARN_UNGUARDED_AVAILABILITY = YES_AGGRESSIVE;
				CLANG_WARN_UNREACHABLE_CODE = YES;
				CLANG_WARN__DUPLICATE_METHOD_MATCH = YES;
				COPY_PHASE_STRIP = NO;
				DEBUG_INFORMATION_FORMAT = dwarf;
				ENABLE_STRICT_OBJC_MSGSEND = YES;
				ENABLE_TESTABILITY = YES;
				"EXCLUDED_ARCHS[sdk=iphonesimulator*]" = arm64;
				GCC_C_LANGUAGE_STANDARD = gnu11;
				GCC_DYNAMIC_NO_PIC = NO;
				GCC_NO_COMMON_BLOCKS = YES;
				GCC_OPTIMIZATION_LEVEL = 0;
				GCC_PREPROCESSOR_DEFINITIONS = (
					"DEBUG=1",
					"$(inherited)",
				);
				GCC_WARN_64_TO_32_BIT_CONVERSION = YES;
				GCC_WARN_ABOUT_RETURN_TYPE = YES_ERROR;
				GCC_WARN_UNDECLARED_SELECTOR = YES;
				GCC_WARN_UNINITIALIZED_AUTOS = YES_AGGRESSIVE;
				GCC_WARN_UNUSED_FUNCTION = YES;
				GCC_WARN_UNUSED_VARIABLE = YES;
				IPHONEOS_DEPLOYMENT_TARGET = 14.5;
				MTL_ENABLE_DEBUG_INFO = INCLUDE_SOURCE;
				MTL_FAST_MATH = YES;
				ONLY_ACTIVE_ARCH = YES;
				SDKROOT = iphoneos;
				SWIFT_ACTIVE_COMPILATION_CONDITIONS = DEBUG;
				SWIFT_OPTIMIZATION_LEVEL = "-Onone";
			};
			name = Debug;
		};
		7FEEDA83265A944400545133 /* Release */ = {
			isa = XCBuildConfiguration;
			buildSettings = {
				ALWAYS_SEARCH_USER_PATHS = NO;
				CLANG_ANALYZER_NONNULL = YES;
				CLANG_ANALYZER_NUMBER_OBJECT_CONVERSION = YES_AGGRESSIVE;
				CLANG_CXX_LANGUAGE_STANDARD = "gnu++14";
				CLANG_CXX_LIBRARY = "libc++";
				CLANG_ENABLE_MODULES = YES;
				CLANG_ENABLE_OBJC_ARC = YES;
				CLANG_ENABLE_OBJC_WEAK = YES;
				CLANG_WARN_BLOCK_CAPTURE_AUTORELEASING = YES;
				CLANG_WARN_BOOL_CONVERSION = YES;
				CLANG_WARN_COMMA = YES;
				CLANG_WARN_CONSTANT_CONVERSION = YES;
				CLANG_WARN_DEPRECATED_OBJC_IMPLEMENTATIONS = YES;
				CLANG_WARN_DIRECT_OBJC_ISA_USAGE = YES_ERROR;
				CLANG_WARN_DOCUMENTATION_COMMENTS = YES;
				CLANG_WARN_EMPTY_BODY = YES;
				CLANG_WARN_ENUM_CONVERSION = YES;
				CLANG_WARN_INFINITE_RECURSION = YES;
				CLANG_WARN_INT_CONVERSION = YES;
				CLANG_WARN_NON_LITERAL_NULL_CONVERSION = YES;
				CLANG_WARN_OBJC_IMPLICIT_RETAIN_SELF = YES;
				CLANG_WARN_OBJC_LITERAL_CONVERSION = YES;
				CLANG_WARN_OBJC_ROOT_CLASS = YES_ERROR;
				CLANG_WARN_QUOTED_INCLUDE_IN_FRAMEWORK_HEADER = YES;
				CLANG_WARN_RANGE_LOOP_ANALYSIS = YES;
				CLANG_WARN_STRICT_PROTOTYPES = YES;
				CLANG_WARN_SUSPICIOUS_MOVE = YES;
				CLANG_WARN_UNGUARDED_AVAILABILITY = YES_AGGRESSIVE;
				CLANG_WARN_UNREACHABLE_CODE = YES;
				CLANG_WARN__DUPLICATE_METHOD_MATCH = YES;
				COPY_PHASE_STRIP = NO;
				DEBUG_INFORMATION_FORMAT = "dwarf-with-dsym";
				ENABLE_NS_ASSERTIONS = NO;
				ENABLE_STRICT_OBJC_MSGSEND = YES;
				GCC_C_LANGUAGE_STANDARD = gnu11;
				GCC_NO_COMMON_BLOCKS = YES;
				GCC_WARN_64_TO_32_BIT_CONVERSION = YES;
				GCC_WARN_ABOUT_RETURN_TYPE = YES_ERROR;
				GCC_WARN_UNDECLARED_SELECTOR = YES;
				GCC_WARN_UNINITIALIZED_AUTOS = YES_AGGRESSIVE;
				GCC_WARN_UNUSED_FUNCTION = YES;
				GCC_WARN_UNUSED_VARIABLE = YES;
				IPHONEOS_DEPLOYMENT_TARGET = 14.5;
				MTL_ENABLE_DEBUG_INFO = NO;
				MTL_FAST_MATH = YES;
				SDKROOT = iphoneos;
				SWIFT_COMPILATION_MODE = wholemodule;
				SWIFT_OPTIMIZATION_LEVEL = "-O";
				VALIDATE_PRODUCT = YES;
			};
			name = Release;
		};
		7FEEDA85265A944400545133 /* Debug */ = {
			isa = XCBuildConfiguration;
			baseConfigurationReference = BE5CE4E86C96BDC3F494304C /* Pods-Noalek_Patisserie.debug.xcconfig */;
			buildSettings = {
				ASSETCATALOG_COMPILER_APPICON_NAME = AppIcon;
				ASSETCATALOG_COMPILER_GLOBAL_ACCENT_COLOR_NAME = AccentColor;
				CODE_SIGN_STYLE = Automatic;
				DEVELOPMENT_TEAM = FRJ22S75N6;
				"EXCLUDED_ARCHS[sdk=iphonesimulator*]" = "";
				INFOPLIST_FILE = Noalek_Patisserie/Info.plist;
				LD_RUNPATH_SEARCH_PATHS = (
					"$(inherited)",
					"@executable_path/Frameworks",
				);
				ONLY_ACTIVE_ARCH = YES;
				"OTHER_LDFLAGS[arch=*]" = "-ObjC";
				PRODUCT_BUNDLE_IDENTIFIER = "com.Nudelman.Noalek-Patisserie";
				PRODUCT_NAME = "$(TARGET_NAME)";
				SWIFT_VERSION = 5.0;
				TARGETED_DEVICE_FAMILY = "1,2";
			};
			name = Debug;
		};
		7FEEDA86265A944400545133 /* Release */ = {
			isa = XCBuildConfiguration;
			baseConfigurationReference = 4C9B419784DBD25149445D2F /* Pods-Noalek_Patisserie.release.xcconfig */;
			buildSettings = {
				ASSETCATALOG_COMPILER_APPICON_NAME = AppIcon;
				ASSETCATALOG_COMPILER_GLOBAL_ACCENT_COLOR_NAME = AccentColor;
				CODE_SIGN_STYLE = Automatic;
				DEVELOPMENT_TEAM = FRJ22S75N6;
				INFOPLIST_FILE = Noalek_Patisserie/Info.plist;
				LD_RUNPATH_SEARCH_PATHS = (
					"$(inherited)",
					"@executable_path/Frameworks",
				);
				ONLY_ACTIVE_ARCH = NO;
				PRODUCT_BUNDLE_IDENTIFIER = "com.Nudelman.Noalek-Patisserie";
				PRODUCT_NAME = "$(TARGET_NAME)";
				SWIFT_VERSION = 5.0;
				TARGETED_DEVICE_FAMILY = "1,2";
			};
			name = Release;
		};
		7FEEDA88265A944400545133 /* Debug */ = {
			isa = XCBuildConfiguration;
			baseConfigurationReference = 0E75D9FB630141BDAD88D43F /* Pods-Noalek_PatisserieTests.debug.xcconfig */;
			buildSettings = {
				ALWAYS_EMBED_SWIFT_STANDARD_LIBRARIES = YES;
				BUNDLE_LOADER = "$(TEST_HOST)";
				CODE_SIGN_STYLE = Automatic;
				INFOPLIST_FILE = Noalek_PatisserieTests/Info.plist;
				IPHONEOS_DEPLOYMENT_TARGET = 14.5;
				LD_RUNPATH_SEARCH_PATHS = (
					"$(inherited)",
					"@executable_path/Frameworks",
					"@loader_path/Frameworks",
				);
				PRODUCT_BUNDLE_IDENTIFIER = "com.Nudelman.Noalek-PatisserieTests";
				PRODUCT_NAME = "$(TARGET_NAME)";
				SWIFT_VERSION = 5.0;
				TARGETED_DEVICE_FAMILY = "1,2";
				TEST_HOST = "$(BUILT_PRODUCTS_DIR)/Noalek_Patisserie.app/Noalek_Patisserie";
			};
			name = Debug;
		};
		7FEEDA89265A944400545133 /* Release */ = {
			isa = XCBuildConfiguration;
			baseConfigurationReference = 1A88B2AC8FDA5E24B1BBECDC /* Pods-Noalek_PatisserieTests.release.xcconfig */;
			buildSettings = {
				ALWAYS_EMBED_SWIFT_STANDARD_LIBRARIES = YES;
				BUNDLE_LOADER = "$(TEST_HOST)";
				CODE_SIGN_STYLE = Automatic;
				INFOPLIST_FILE = Noalek_PatisserieTests/Info.plist;
				IPHONEOS_DEPLOYMENT_TARGET = 14.5;
				LD_RUNPATH_SEARCH_PATHS = (
					"$(inherited)",
					"@executable_path/Frameworks",
					"@loader_path/Frameworks",
				);
				PRODUCT_BUNDLE_IDENTIFIER = "com.Nudelman.Noalek-PatisserieTests";
				PRODUCT_NAME = "$(TARGET_NAME)";
				SWIFT_VERSION = 5.0;
				TARGETED_DEVICE_FAMILY = "1,2";
				TEST_HOST = "$(BUILT_PRODUCTS_DIR)/Noalek_Patisserie.app/Noalek_Patisserie";
			};
			name = Release;
		};
		7FEEDA8B265A944400545133 /* Debug */ = {
			isa = XCBuildConfiguration;
			baseConfigurationReference = D9DED1162E9BD9956D0B0EF9 /* Pods-Noalek_Patisserie-Noalek_PatisserieUITests.debug.xcconfig */;
			buildSettings = {
				ALWAYS_EMBED_SWIFT_STANDARD_LIBRARIES = YES;
				CODE_SIGN_STYLE = Automatic;
				INFOPLIST_FILE = Noalek_PatisserieUITests/Info.plist;
				LD_RUNPATH_SEARCH_PATHS = (
					"$(inherited)",
					"@executable_path/Frameworks",
					"@loader_path/Frameworks",
				);
				PRODUCT_BUNDLE_IDENTIFIER = "com.Nudelman.Noalek-PatisserieUITests";
				PRODUCT_NAME = "$(TARGET_NAME)";
				SWIFT_VERSION = 5.0;
				TARGETED_DEVICE_FAMILY = "1,2";
				TEST_TARGET_NAME = Noalek_Patisserie;
			};
			name = Debug;
		};
		7FEEDA8C265A944400545133 /* Release */ = {
			isa = XCBuildConfiguration;
			baseConfigurationReference = DD28D350A6836B53A3603025 /* Pods-Noalek_Patisserie-Noalek_PatisserieUITests.release.xcconfig */;
			buildSettings = {
				ALWAYS_EMBED_SWIFT_STANDARD_LIBRARIES = YES;
				CODE_SIGN_STYLE = Automatic;
				INFOPLIST_FILE = Noalek_PatisserieUITests/Info.plist;
				LD_RUNPATH_SEARCH_PATHS = (
					"$(inherited)",
					"@executable_path/Frameworks",
					"@loader_path/Frameworks",
				);
				PRODUCT_BUNDLE_IDENTIFIER = "com.Nudelman.Noalek-PatisserieUITests";
				PRODUCT_NAME = "$(TARGET_NAME)";
				SWIFT_VERSION = 5.0;
				TARGETED_DEVICE_FAMILY = "1,2";
				TEST_TARGET_NAME = Noalek_Patisserie;
			};
			name = Release;
		};
/* End XCBuildConfiguration section */

/* Begin XCConfigurationList section */
		7FEEDA55265A944300545133 /* Build configuration list for PBXProject "Noalek_Patisserie" */ = {
			isa = XCConfigurationList;
			buildConfigurations = (
				7FEEDA82265A944400545133 /* Debug */,
				7FEEDA83265A944400545133 /* Release */,
			);
			defaultConfigurationIsVisible = 0;
			defaultConfigurationName = Release;
		};
		7FEEDA84265A944400545133 /* Build configuration list for PBXNativeTarget "Noalek_Patisserie" */ = {
			isa = XCConfigurationList;
			buildConfigurations = (
				7FEEDA85265A944400545133 /* Debug */,
				7FEEDA86265A944400545133 /* Release */,
			);
			defaultConfigurationIsVisible = 0;
			defaultConfigurationName = Release;
		};
		7FEEDA87265A944400545133 /* Build configuration list for PBXNativeTarget "Noalek_PatisserieTests" */ = {
			isa = XCConfigurationList;
			buildConfigurations = (
				7FEEDA88265A944400545133 /* Debug */,
				7FEEDA89265A944400545133 /* Release */,
			);
			defaultConfigurationIsVisible = 0;
			defaultConfigurationName = Release;
		};
		7FEEDA8A265A944400545133 /* Build configuration list for PBXNativeTarget "Noalek_PatisserieUITests" */ = {
			isa = XCConfigurationList;
			buildConfigurations = (
				7FEEDA8B265A944400545133 /* Debug */,
				7FEEDA8C265A944400545133 /* Release */,
			);
			defaultConfigurationIsVisible = 0;
			defaultConfigurationName = Release;
		};
/* End XCConfigurationList section */

/* Begin XCRemoteSwiftPackageReference section */
		7F3E07712688B7BA008F6868 /* XCRemoteSwiftPackageReference "Kingfisher" */ = {
			isa = XCRemoteSwiftPackageReference;
			repositoryURL = "https://github.com/onevcat/Kingfisher.git";
			requirement = {
				kind = upToNextMajorVersion;
				minimumVersion = 6.3.0;
			};
		};
/* End XCRemoteSwiftPackageReference section */

/* Begin XCSwiftPackageProductDependency section */
		7F3E07722688B7BA008F6868 /* Kingfisher */ = {
			isa = XCSwiftPackageProductDependency;
			package = 7F3E07712688B7BA008F6868 /* XCRemoteSwiftPackageReference "Kingfisher" */;
			productName = Kingfisher;
		};
/* End XCSwiftPackageProductDependency section */

/* Begin XCVersionGroup section */
		7F2899E9265FEE0D00921BB5 /* CoreDataApp.xcdatamodeld */ = {
			isa = XCVersionGroup;
			children = (
				7F2899EA265FEE0D00921BB5 /* CoreDataApp.xcdatamodel */,
			);
			currentVersion = 7F2899EA265FEE0D00921BB5 /* CoreDataApp.xcdatamodel */;
			path = CoreDataApp.xcdatamodeld;
			sourceTree = "<group>";
			versionGroupType = wrapper.xcdatamodel;
		};
/* End XCVersionGroup section */
	};
	rootObject = 7FEEDA52265A944300545133 /* Project object */;
}
